{
  "name": "kevin-corporate",
  "version": "1.0.0",
  "lockfileVersion": 3,
  "requires": true,
  "packages": {
    "": {
      "name": "kevin-corporate",
      "version": "1.0.0",
      "devDependencies": {
        "simple-icons": "^16.23.0"
      }
    },
    "node_modules/simple-icons": {
      "version": "16.23.0",
      "resolved": "https://registry.npmjs.org/simple-icons/-/simple-icons-16.23.0.tgz",
      "integrity": "sha512-08MaTpxj9zGYUIe38tfELYkaHiGE1YgbrbXmTBf+GPxi5mEqLSORQqOXrP0QKPdaFuzEDSmW5o4xkbLlFhmdCw==",
      "dev": true,
      "funding": [
        {
          "type": "opencollective",
          "url": "https://opencollective.com/simple-icons"
        },
        {
          "type": "github",
          "url": "https://github.com/sponsors/simple-icons"
        }
      ],
      "license": "CC0-1.0",
      "engines": {
        "node": ">=0.12.18"
      }
    }
  }
}
